
Microsoft Visual Studio Solution File, Format Version 12.00
# Visual Studio 14
VisualStudioVersion = 14.0.23107.0
MinimumVisualStudioVersion = 10.0.40219.1
Project("{FAE04EC0-301F-11D3-BF4B-00C04F79EFBC}") = "nORM", "nORM\nORM.csproj", "{A188BB76-14F1-49B0-B138-B721AD8AC2DF}"
EndProject
Project("{FAE04EC0-301F-11D3-BF4B-00C04F79EFBC}") = "test_project", "test_project\test_project.csproj", "{24993F49-8DC7-4C18-ABC7-E6FCB7D5AD30}"
EndProject
Project("{2150E333-8FDC-42A3-9474-1A3956D46DE8}") = "test", "test", "{6FC00F3D-727B-4160-BD97-02D725503FB8}"
	ProjectSection(SolutionItems) = preProject
		test_table.sql = test_table.sql
	EndProjectSection
EndProject
Project("{FAE04EC0-301F-11D3-BF4B-00C04F79EFBC}") = "ExpLess", "ExpLess\ExpLess.csproj", "{C13AC3F6-2634-48C5-BD1F-ABEC9F1344E0}"
EndProject
Project("{FAE04EC0-301F-11D3-BF4B-00C04F79EFBC}") = "ExpLess.Test", "ExpLess.Test\ExpLess.Test.csproj", "{5172B654-94A2-492B-9CE5-F73E2275ABEC}"
EndProject
Project("{2150E333-8FDC-42A3-9474-1A3956D46DE8}") = "Expressions", "Expressions", "{0CD9E15D-929E-4903-B3FA-EEECF59C4496}"
EndProject
Project("{2150E333-8FDC-42A3-9474-1A3956D46DE8}") = "MakeSQL", "MakeSQL", "{28803F1B-2D9F-44A9-86CE-C56C4DE58CD3}"
EndProject
Project("{FAE04EC0-301F-11D3-BF4B-00C04F79EFBC}") = "MakeSQL", "MakeSQL\MakeSQL.csproj", "{01CF49F5-FC97-41B2-867F-7346BDB3491B}"
EndProject
Project("{FAE04EC0-301F-11D3-BF4B-00C04F79EFBC}") = "MakeSQL.Test", "MakeSQL.Test\MakeSQL.Test.csproj", "{9540115C-246D-4748-887E-070CE73F54E4}"
EndProject
Global
	GlobalSection(SolutionConfigurationPlatforms) = preSolution
		Debug|Any CPU = Debug|Any CPU
		Release|Any CPU = Release|Any CPU
	EndGlobalSection
	GlobalSection(ProjectConfigurationPlatforms) = postSolution
		{A188BB76-14F1-49B0-B138-B721AD8AC2DF}.Debug|Any CPU.ActiveCfg = Debug|Any CPU
		{A188BB76-14F1-49B0-B138-B721AD8AC2DF}.Debug|Any CPU.Build.0 = Debug|Any CPU
		{A188BB76-14F1-49B0-B138-B721AD8AC2DF}.Release|Any CPU.ActiveCfg = Release|Any CPU
		{A188BB76-14F1-49B0-B138-B721AD8AC2DF}.Release|Any CPU.Build.0 = Release|Any CPU
		{24993F49-8DC7-4C18-ABC7-E6FCB7D5AD30}.Debug|Any CPU.ActiveCfg = Debug|Any CPU
		{24993F49-8DC7-4C18-ABC7-E6FCB7D5AD30}.Debug|Any CPU.Build.0 = Debug|Any CPU
		{24993F49-8DC7-4C18-ABC7-E6FCB7D5AD30}.Release|Any CPU.ActiveCfg = Release|Any CPU
		{24993F49-8DC7-4C18-ABC7-E6FCB7D5AD30}.Release|Any CPU.Build.0 = Release|Any CPU
		{C13AC3F6-2634-48C5-BD1F-ABEC9F1344E0}.Debug|Any CPU.ActiveCfg = Debug|Any CPU
		{C13AC3F6-2634-48C5-BD1F-ABEC9F1344E0}.Debug|Any CPU.Build.0 = Debug|Any CPU
		{C13AC3F6-2634-48C5-BD1F-ABEC9F1344E0}.Release|Any CPU.ActiveCfg = Release|Any CPU
		{C13AC3F6-2634-48C5-BD1F-ABEC9F1344E0}.Release|Any CPU.Build.0 = Release|Any CPU
		{5172B654-94A2-492B-9CE5-F73E2275ABEC}.Debug|Any CPU.ActiveCfg = Debug|Any CPU
		{5172B654-94A2-492B-9CE5-F73E2275ABEC}.Debug|Any CPU.Build.0 = Debug|Any CPU
		{5172B654-94A2-492B-9CE5-F73E2275ABEC}.Release|Any CPU.ActiveCfg = Release|Any CPU
		{5172B654-94A2-492B-9CE5-F73E2275ABEC}.Release|Any CPU.Build.0 = Release|Any CPU
		{01CF49F5-FC97-41B2-867F-7346BDB3491B}.Debug|Any CPU.ActiveCfg = Debug|Any CPU
		{01CF49F5-FC97-41B2-867F-7346BDB3491B}.Debug|Any CPU.Build.0 = Debug|Any CPU
		{01CF49F5-FC97-41B2-867F-7346BDB3491B}.Release|Any CPU.ActiveCfg = Release|Any CPU
		{01CF49F5-FC97-41B2-867F-7346BDB3491B}.Release|Any CPU.Build.0 = Release|Any CPU
		{9540115C-246D-4748-887E-070CE73F54E4}.Debug|Any CPU.ActiveCfg = Debug|Any CPU
		{9540115C-246D-4748-887E-070CE73F54E4}.Debug|Any CPU.Build.0 = Debug|Any CPU
		{9540115C-246D-4748-887E-070CE73F54E4}.Release|Any CPU.ActiveCfg = Release|Any CPU
		{9540115C-246D-4748-887E-070CE73F54E4}.Release|Any CPU.Build.0 = Release|Any CPU
	EndGlobalSection
	GlobalSection(SolutionProperties) = preSolution
		HideSolutionNode = FALSE
	EndGlobalSection
	GlobalSection(NestedProjects) = preSolution
		{24993F49-8DC7-4C18-ABC7-E6FCB7D5AD30} = {6FC00F3D-727B-4160-BD97-02D725503FB8}
		{C13AC3F6-2634-48C5-BD1F-ABEC9F1344E0} = {0CD9E15D-929E-4903-B3FA-EEECF59C4496}
		{5172B654-94A2-492B-9CE5-F73E2275ABEC} = {0CD9E15D-929E-4903-B3FA-EEECF59C4496}
		{01CF49F5-FC97-41B2-867F-7346BDB3491B} = {28803F1B-2D9F-44A9-86CE-C56C4DE58CD3}
		{9540115C-246D-4748-887E-070CE73F54E4} = {28803F1B-2D9F-44A9-86CE-C56C4DE58CD3}
	EndGlobalSection
EndGlobal
